// !$*UTF8*$!
{
	archiveVersion = 1;
	classes = {
	};
	objectVersion = 46;
	objects = {

/* Begin PBXBuildFile section */
		7AFB633A1E555B0200278F58 /* AppDelegate.swift in Sources */ = {isa = PBXBuildFile; fileRef = 7AFB63391E555B0200278F58 /* AppDelegate.swift */; };
		7AFB633C1E555B0200278F58 /* ViewController.swift in Sources */ = {isa = PBXBuildFile; fileRef = 7AFB633B1E555B0200278F58 /* ViewController.swift */; };
		7AFB633F1E555B0200278F58 /* Main.storyboard in Resources */ = {isa = PBXBuildFile; fileRef = 7AFB633D1E555B0200278F58 /* Main.storyboard */; };
		7AFB63411E555B0200278F58 /* Assets.xcassets in Resources */ = {isa = PBXBuildFile; fileRef = 7AFB63401E555B0200278F58 /* Assets.xcassets */; };
		7AFB63441E555B0200278F58 /* LaunchScreen.storyboard in Resources */ = {isa = PBXBuildFile; fileRef = 7AFB63421E555B0200278F58 /* LaunchScreen.storyboard */; };
		7AFB634F1E555B0200278F58 /* takken_iosTests.swift in Sources */ = {isa = PBXBuildFile; fileRef = 7AFB634E1E555B0200278F58 /* takken_iosTests.swift */; };
		7AFB635A1E555B0200278F58 /* takken_iosUITests.swift in Sources */ = {isa = PBXBuildFile; fileRef = 7AFB63591E555B0200278F58 /* takken_iosUITests.swift */; };
		9B49E873C738D38BD46FB881 /* Pods_takken_ios.framework in Frameworks */ = {isa = PBXBuildFile; fileRef = 4C7CE0146552E152B087FCD1 /* Pods_takken_ios.framework */; };
/* End PBXBuildFile section */

/* Begin PBXContainerItemProxy section */
		7AFB634B1E555B0200278F58 /* PBXContainerItemProxy */ = {
			isa = PBXContainerItemProxy;
			containerPortal = 7AFB632E1E555B0100278F58 /* Project object */;
			proxyType = 1;
			remoteGlobalIDString = 7AFB63351E555B0100278F58;
			remoteInfo = takken_ios;
		};
		7AFB63561E555B0200278F58 /* PBXContainerItemProxy */ = {
			isa = PBXContainerItemProxy;
			containerPortal = 7AFB632E1E555B0100278F58 /* Project object */;
			proxyType = 1;
			remoteGlobalIDString = 7AFB63351E555B0100278F58;
			remoteInfo = takken_ios;
		};
/* End PBXContainerItemProxy section */

/* Begin PBXFileReference section */
		4C7CE0146552E152B087FCD1 /* Pods_takken_ios.framework */ = {isa = PBXFileReference; explicitFileType = wrapper.framework; includeInIndex = 0; path = Pods_takken_ios.framework; sourceTree = BUILT_PRODUCTS_DIR; };
		7AFB63361E555B0200278F58 /* takken_ios.app */ = {isa = PBXFileReference; explicitFileType = wrapper.application; includeInIndex = 0; path = takken_ios.app; sourceTree = BUILT_PRODUCTS_DIR; };
		7AFB63391E555B0200278F58 /* AppDelegate.swift */ = {isa = PBXFileReference; lastKnownFileType = sourcecode.swift; path = AppDelegate.swift; sourceTree = "<group>"; };
		7AFB633B1E555B0200278F58 /* ViewController.swift */ = {isa = PBXFileReference; lastKnownFileType = sourcecode.swift; path = ViewController.swift; sourceTree = "<group>"; };
		7AFB633E1E555B0200278F58 /* Base */ = {isa = PBXFileReference; lastKnownFileType = file.storyboard; name = Base; path = Base.lproj/Main.storyboard; sourceTree = "<group>"; };
		7AFB63401E555B0200278F58 /* Assets.xcassets */ = {isa = PBXFileReference; lastKnownFileType = folder.assetcatalog; path = Assets.xcassets; sourceTree = "<group>"; };
		7AFB63431E555B0200278F58 /* Base */ = {isa = PBXFileReference; lastKnownFileType = file.storyboard; name = Base; path = Base.lproj/LaunchScreen.storyboard; sourceTree = "<group>"; };
		7AFB63451E555B0200278F58 /* Info.plist */ = {isa = PBXFileReference; lastKnownFileType = text.plist.xml; path = Info.plist; sourceTree = "<group>"; };
		7AFB634A1E555B0200278F58 /* takken_iosTests.xctest */ = {isa = PBXFileReference; explicitFileType = wrapper.cfbundle; includeInIndex = 0; path = takken_iosTests.xctest; sourceTree = BUILT_PRODUCTS_DIR; };
		7AFB634E1E555B0200278F58 /* takken_iosTests.swift */ = {isa = PBXFileReference; lastKnownFileType = sourcecode.swift; path = takken_iosTests.swift; sourceTree = "<group>"; };
		7AFB63501E555B0200278F58 /* Info.plist */ = {isa = PBXFileReference; lastKnownFileType = text.plist.xml; path = Info.plist; sourceTree = "<group>"; };
		7AFB63551E555B0200278F58 /* takken_iosUITests.xctest */ = {isa = PBXFileReference; explicitFileType = wrapper.cfbundle; includeInIndex = 0; path = takken_iosUITests.xctest; sourceTree = BUILT_PRODUCTS_DIR; };
		7AFB63591E555B0200278F58 /* takken_iosUITests.swift */ = {isa = PBXFileReference; lastKnownFileType = sourcecode.swift; path = takken_iosUITests.swift; sourceTree = "<group>"; };
		7AFB635B1E555B0200278F58 /* Info.plist */ = {isa = PBXFileReference; lastKnownFileType = text.plist.xml; path = Info.plist; sourceTree = "<group>"; };
		7CA7774C9FE9EE87C5A14DF9 /* Pods-takken_ios.release.xcconfig */ = {isa = PBXFileReference; includeInIndex = 1; lastKnownFileType = text.xcconfig; name = "Pods-takken_ios.release.xcconfig"; path = "Pods/Target Support Files/Pods-takken_ios/Pods-takken_ios.release.xcconfig"; sourceTree = "<group>"; };
		A0BDF2855FB00015EC47368E /* Pods-takken_ios.debug.xcconfig */ = {isa = PBXFileReference; includeInIndex = 1; lastKnownFileType = text.xcconfig; name = "Pods-takken_ios.debug.xcconfig"; path = "Pods/Target Support Files/Pods-takken_ios/Pods-takken_ios.debug.xcconfig"; sourceTree = "<group>"; };
/* End PBXFileReference section */

/* Begin PBXFrameworksBuildPhase section */
		7AFB63331E555B0100278F58 /* Frameworks */ = {
			isa = PBXFrameworksBuildPhase;
			buildActionMask = 2147483647;
			files = (
				9B49E873C738D38BD46FB881 /* Pods_takken_ios.framework in Frameworks */,
			);
			runOnlyForDeploymentPostprocessing = 0;
		};
		7AFB63471E555B0200278F58 /* Frameworks */ = {
			isa = PBXFrameworksBuildPhase;
			buildActionMask = 2147483647;
			files = (
			);
			runOnlyForDeploymentPostprocessing = 0;
		};
		7AFB63521E555B0200278F58 /* Frameworks */ = {
			isa = PBXFrameworksBuildPhase;
			buildActionMask = 2147483647;
			files = (
			);
			runOnlyForDeploymentPostprocessing = 0;
		};
/* End PBXFrameworksBuildPhase section */

/* Begin PBXGroup section */
		3673C30D2A6A8A1B26B461EB /* Frameworks */ = {
			isa = PBXGroup;
			children = (
				4C7CE0146552E152B087FCD1 /* Pods_takken_ios.framework */,
			);
			name = Frameworks;
			sourceTree = "<group>";
		};
		3CEF70D806ABC504EC1759DA /* Pods */ = {
			isa = PBXGroup;
			children = (
				A0BDF2855FB00015EC47368E /* Pods-takken_ios.debug.xcconfig */,
				7CA7774C9FE9EE87C5A14DF9 /* Pods-takken_ios.release.xcconfig */,
			);
			name = Pods;
			sourceTree = "<group>";
		};
		7AFB632D1E555B0100278F58 = {
			isa = PBXGroup;
			children = (
				7AFB63381E555B0200278F58 /* takken_ios */,
				7AFB634D1E555B0200278F58 /* takken_iosTests */,
				7AFB63581E555B0200278F58 /* takken_iosUITests */,
				7AFB63371E555B0200278F58 /* Products */,
				3CEF70D806ABC504EC1759DA /* Pods */,
				3673C30D2A6A8A1B26B461EB /* Frameworks */,
			);
			sourceTree = "<group>";
		};
		7AFB63371E555B0200278F58 /* Products */ = {
			isa = PBXGroup;
			children = (
				7AFB63361E555B0200278F58 /* takken_ios.app */,
				7AFB634A1E555B0200278F58 /* takken_iosTests.xctest */,
				7AFB63551E555B0200278F58 /* takken_iosUITests.xctest */,
			);
			name = Products;
			sourceTree = "<group>";
		};
		7AFB63381E555B0200278F58 /* takken_ios */ = {
			isa = PBXGroup;
			children = (
				7AFB63391E555B0200278F58 /* AppDelegate.swift */,
				7AFB633B1E555B0200278F58 /* ViewController.swift */,
				7AFB633D1E555B0200278F58 /* Main.storyboard */,
				7AFB63401E555B0200278F58 /* Assets.xcassets */,
				7AFB63421E555B0200278F58 /* LaunchScreen.storyboard */,
				7AFB63451E555B0200278F58 /* Info.plist */,
			);
			path = takken_ios;
			sourceTree = "<group>";
		};
		7AFB634D1E555B0200278F58 /* takken_iosTests */ = {
			isa = PBXGroup;
			children = (
				7AFB634E1E555B0200278F58 /* takken_iosTests.swift */,
				7AFB63501E555B0200278F58 /* Info.plist */,
			);
			path = takken_iosTests;
			sourceTree = "<group>";
		};
		7AFB63581E555B0200278F58 /* takken_iosUITests */ = {
			isa = PBXGroup;
			children = (
				7AFB63591E555B0200278F58 /* takken_iosUITests.swift */,
				7AFB635B1E555B0200278F58 /* Info.plist */,
			);
			path = takken_iosUITests;
			sourceTree = "<group>";
		};
/* End PBXGroup section */

/* Begin PBXNativeTarget section */
		7AFB63351E555B0100278F58 /* takken_ios */ = {
			isa = PBXNativeTarget;
			buildConfigurationList = 7AFB635E1E555B0200278F58 /* Build configuration list for PBXNativeTarget "takken_ios" */;
			buildPhases = (
				C2C1EAD7A44D10427A50C79C /* [CP] Check Pods Manifest.lock */,
				7AFB63321E555B0100278F58 /* Sources */,
				7AFB63331E555B0100278F58 /* Frameworks */,
				7AFB63341E555B0100278F58 /* Resources */,
				A6857A6858CA3AF563998159 /* [CP] Embed Pods Frameworks */,
				193372231F538AC26FCF0FA7 /* [CP] Copy Pods Resources */,
			);
			buildRules = (
			);
			dependencies = (
			);
			name = takken_ios;
			productName = takken_ios;
			productReference = 7AFB63361E555B0200278F58 /* takken_ios.app */;
			productType = "com.apple.product-type.application";
		};
		7AFB63491E555B0200278F58 /* takken_iosTests */ = {
			isa = PBXNativeTarget;
			buildConfigurationList = 7AFB63611E555B0200278F58 /* Build configuration list for PBXNativeTarget "takken_iosTests" */;
			buildPhases = (
				7AFB63461E555B0200278F58 /* Sources */,
				7AFB63471E555B0200278F58 /* Frameworks */,
				7AFB63481E555B0200278F58 /* Resources */,
			);
			buildRules = (
			);
			dependencies = (
				7AFB634C1E555B0200278F58 /* PBXTargetDependency */,
			);
			name = takken_iosTests;
			productName = takken_iosTests;
			productReference = 7AFB634A1E555B0200278F58 /* takken_iosTests.xctest */;
			productType = "com.apple.product-type.bundle.unit-test";
		};
		7AFB63541E555B0200278F58 /* takken_iosUITests */ = {
			isa = PBXNativeTarget;
			buildConfigurationList = 7AFB63641E555B0200278F58 /* Build configuration list for PBXNativeTarget "takken_iosUITests" */;
			buildPhases = (
				7AFB63511E555B0200278F58 /* Sources */,
				7AFB63521E555B0200278F58 /* Frameworks */,
				7AFB63531E555B0200278F58 /* Resources */,
			);
			buildRules = (
			);
			dependencies = (
				7AFB63571E555B0200278F58 /* PBXTargetDependency */,
			);
			name = takken_iosUITests;
			productName = takken_iosUITests;
			productReference = 7AFB63551E555B0200278F58 /* takken_iosUITests.xctest */;
			productType = "com.apple.product-type.bundle.ui-testing";
		};
/* End PBXNativeTarget section */

/* Begin PBXProject section */
		7AFB632E1E555B0100278F58 /* Project object */ = {
			isa = PBXProject;
			attributes = {
				LastSwiftUpdateCheck = 0820;
				LastUpgradeCheck = 0820;
				ORGANIZATIONNAME = Tacchi;
				TargetAttributes = {
					7AFB63351E555B0100278F58 = {
						CreatedOnToolsVersion = 8.2.1;
						ProvisioningStyle = Automatic;
					};
					7AFB63491E555B0200278F58 = {
						CreatedOnToolsVersion = 8.2.1;
						ProvisioningStyle = Automatic;
						TestTargetID = 7AFB63351E555B0100278F58;
					};
					7AFB63541E555B0200278F58 = {
						CreatedOnToolsVersion = 8.2.1;
						ProvisioningStyle = Automatic;
						TestTargetID = 7AFB63351E555B0100278F58;
					};
				};
			};
			buildConfigurationList = 7AFB63311E555B0100278F58 /* Build configuration list for PBXProject "takken_ios" */;
			compatibilityVersion = "Xcode 3.2";
			developmentRegion = English;
			hasScannedForEncodings = 0;
			knownRegions = (
				en,
				Base,
			);
			mainGroup = 7AFB632D1E555B0100278F58;
			productRefGroup = 7AFB63371E555B0200278F58 /* Products */;
			projectDirPath = "";
			projectRoot = "";
			targets = (
				7AFB63351E555B0100278F58 /* takken_ios */,
				7AFB63491E555B0200278F58 /* takken_iosTests */,
				7AFB63541E555B0200278F58 /* takken_iosUITests */,
			);
		};
/* End PBXProject section */

/* Begin PBXResourcesBuildPhase section */
		7AFB63341E555B0100278F58 /* Resources */ = {
			isa = PBXResourcesBuildPhase;
			buildActionMask = 2147483647;
			files = (
				7AFB63441E555B0200278F58 /* LaunchScreen.storyboard in Resources */,
				7AFB63411E555B0200278F58 /* Assets.xcassets in Resources */,
				7AFB633F1E555B0200278F58 /* Main.storyboard in Resources */,
			);
			runOnlyForDeploymentPostprocessing = 0;
		};
		7AFB63481E555B0200278F58 /* Resources */ = {
			isa = PBXResourcesBuildPhase;
			buildActionMask = 2147483647;
			files = (
			);
			runOnlyForDeploymentPostprocessing = 0;
		};
		7AFB63531E555B0200278F58 /* Resources */ = {
			isa = PBXResourcesBuildPhase;
			buildActionMask = 2147483647;
			files = (
			);
			runOnlyForDeploymentPostprocessing = 0;
		};
/* End PBXResourcesBuildPhase section */

/* Begin PBXShellScriptBuildPhase section */
		193372231F538AC26FCF0FA7 /* [CP] Copy Pods Resources */ = {
			isa = PBXShellScriptBuildPhase;
			buildActionMask = 2147483647;
			files = (
			);
			inputPaths = (
			);
			name = "[CP] Copy Pods Resources";
			outputPaths = (
			);
			runOnlyForDeploymentPostprocessing = 0;
			shellPath = /bin/sh;
			shellScript = "\"${SRCROOT}/Pods/Target Support Files/Pods-takken_ios/Pods-takken_ios-resources.sh\"\n";
			showEnvVarsInLog = 0;
		};
		A6857A6858CA3AF563998159 /* [CP] Embed Pods Frameworks */ = {
			isa = PBXShellScriptBuildPhase;
			buildActionMask = 2147483647;
			files = (
			);
			inputPaths = (
			);
			name = "[CP] Embed Pods Frameworks";
			outputPaths = (
			);
			runOnlyForDeploymentPostprocessing = 0;
			shellPath = /bin/sh;
			shellScript = "\"${SRCROOT}/Pods/Target Support Files/Pods-takken_ios/Pods-takken_ios-frameworks.sh\"\n";
			showEnvVarsInLog = 0;
		};
		C2C1EAD7A44D10427A50C79C /* [CP] Check Pods Manifest.lock */ = {
			isa = PBXShellScriptBuildPhase;
			buildActionMask = 2147483647;
			files = (
			);
			inputPaths = (
			);
			name = "[CP] Check Pods Manifest.lock";
			outputPaths = (
			);
			runOnlyForDeploymentPostprocessing = 0;
			shellPath = /bin/sh;
			shellScript = "diff \"${PODS_ROOT}/../Podfile.lock\" \"${PODS_ROOT}/Manifest.lock\" > /dev/null\nif [ $? != 0 ] ; then\n    # print error to STDERR\n    echo \"error: The sandbox is not in sync with the Podfile.lock. Run 'pod install' or update your CocoaPods installation.\" >&2\n    exit 1\nfi\n";
			showEnvVarsInLog = 0;
		};
/* End PBXShellScriptBuildPhase section */

/* Begin PBXSourcesBuildPhase section */
		7AFB63321E555B0100278F58 /* Sources */ = {
			isa = PBXSourcesBuildPhase;
			buildActionMask = 2147483647;
			files = (
				7AFB633C1E555B0200278F58 /* ViewController.swift in Sources */,
				7AFB633A1E555B0200278F58 /* AppDelegate.swift in Sources */,
			);
			runOnlyForDeploymentPostprocessing = 0;
		};
		7AFB63461E555B0200278F58 /* Sources */ = {
			isa = PBXSourcesBuildPhase;
			buildActionMask = 2147483647;
			files = (
				7AFB634F1E555B0200278F58 /* takken_iosTests.swift in Sources */,
			);
			runOnlyForDeploymentPostprocessing = 0;
		};
		7AFB63511E555B0200278F58 /* Sources */ = {
			isa = PBXSourcesBuildPhase;
			buildActionMask = 2147483647;
			files = (
				7AFB635A1E555B0200278F58 /* takken_iosUITests.swift in Sources */,
			);
			runOnlyForDeploymentPostprocessing = 0;
		};
/* End PBXSourcesBuildPhase section */

/* Begin PBXTargetDependency section */
		7AFB634C1E555B0200278F58 /* PBXTargetDependency */ = {
			isa = PBXTargetDependency;
			target = 7AFB63351E555B0100278F58 /* takken_ios */;
			targetProxy = 7AFB634B1E555B0200278F58 /* PBXContainerItemProxy */;
		};
		7AFB63571E555B0200278F58 /* PBXTargetDependency */ = {
			isa = PBXTargetDependency;
			target = 7AFB63351E555B0100278F58 /* takken_ios */;
			targetProxy = 7AFB63561E555B0200278F58 /* PBXContainerItemProxy */;
		};
/* End PBXTargetDependency section */

/* Begin PBXVariantGroup section */
		7AFB633D1E555B0200278F58 /* Main.storyboard */ = {
			isa = PBXVariantGroup;
			children = (
				7AFB633E1E555B0200278F58 /* Base */,
			);
			name = Main.storyboard;
			sourceTree = "<group>";
		};
		7AFB63421E555B0200278F58 /* LaunchScreen.storyboard */ = {
			isa = PBXVariantGroup;
			children = (
				7AFB63431E555B0200278F58 /* Base */,
			);
			name = LaunchScreen.storyboard;
			sourceTree = "<group>";
		};
/* End PBXVariantGroup section */

/* Begin XCBuildConfiguration section */
		7AFB635C1E555B0200278F58 /* Debug */ = {
			isa = XCBuildConfiguration;
			buildSettings = {
				ALWAYS_SEARCH_USER_PATHS = NO;
				CLANG_ANALYZER_NONNULL = YES;
				CLANG_CXX_LANGUAGE_STANDARD = "gnu++0x";
				CLANG_CXX_LIBRARY = "libc++";
				CLANG_ENABLE_MODULES = YES;
				CLANG_ENABLE_OBJC_ARC = YES;
				CLANG_WARN_BOOL_CONVERSION = YES;
				CLANG_WARN_CONSTANT_CONVERSION = YES;
				CLANG_WARN_DIRECT_OBJC_ISA_USAGE = YES_ERROR;
				CLANG_WARN_DOCUMENTATION_COMMENTS = YES;
				CLANG_WARN_EMPTY_BODY = YES;
				CLANG_WARN_ENUM_CONVERSION = YES;
				CLANG_WARN_INFINITE_RECURSION = YES;
				CLANG_WARN_INT_CONVERSION = YES;
				CLANG_WARN_OBJC_ROOT_CLASS = YES_ERROR;
				CLANG_WARN_SUSPICIOUS_MOVE = YES;
				CLANG_WARN_UNREACHABLE_CODE = YES;
				CLANG_WARN__DUPLICATE_METHOD_MATCH = YES;
				"CODE_SIGN_IDENTITY[sdk=iphoneos*]" = "iPhone Developer";
				COPY_PHASE_STRIP = NO;
				DEBUG_INFORMATION_FORMAT = dwarf;
				ENABLE_STRICT_OBJC_MSGSEND = YES;
				ENABLE_TESTABILITY = YES;
				GCC_C_LANGUAGE_STANDARD = gnu99;
				GCC_DYNAMIC_NO_PIC = NO;
				GCC_NO_COMMON_BLOCKS = YES;
				GCC_OPTIMIZATION_LEVEL = 0;
				GCC_PREPROCESSOR_DEFINITIONS = (
					"DEBUG=1",
					"$(inherited)",
				);
				GCC_WARN_64_TO_32_BIT_CONVERSION = YES;
				GCC_WARN_ABOUT_RETURN_TYPE = YES_ERROR;
				GCC_WARN_UNDECLARED_SELECTOR = YES;
				GCC_WARN_UNINITIALIZED_AUTOS = YES_AGGRESSIVE;
				GCC_WARN_UNUSED_FUNCTION = YES;
				GCC_WARN_UNUSED_VARIABLE = YES;
				IPHONEOS_DEPLOYMENT_TARGET = 10.2;
				MTL_ENABLE_DEBUG_INFO = YES;
				ONLY_ACTIVE_ARCH = YES;
				SDKROOT = iphoneos;
				SWIFT_ACTIVE_COMPILATION_CONDITIONS = DEBUG;
				SWIFT_OPTIMIZATION_LEVEL = "-Onone";
			};
			name = Debug;
		};
		7AFB635D1E555B0200278F58 /* Release */ = {
			isa = XCBuildConfiguration;
			buildSettings = {
				ALWAYS_SEARCH_USER_PATHS = NO;
				CLANG_ANALYZER_NONNULL = YES;
				CLANG_CXX_LANGUAGE_STANDARD = "gnu++0x";
				CLANG_CXX_LIBRARY = "libc++";
				CLANG_ENABLE_MODULES = YES;
				CLANG_ENABLE_OBJC_ARC = YES;
				CLANG_WARN_BOOL_CONVERSION = YES;
				CLANG_WARN_CONSTANT_CONVERSION = YES;
				CLANG_WARN_DIRECT_OBJC_ISA_USAGE = YES_ERROR;
				CLANG_WARN_DOCUMENTATION_COMMENTS = YES;
				CLANG_WARN_EMPTY_BODY = YES;
				CLANG_WARN_ENUM_CONVERSION = YES;
				CLANG_WARN_INFINITE_RECURSION = YES;
				CLANG_WARN_INT_CONVERSION = YES;
				CLANG_WARN_OBJC_ROOT_CLASS = YES_ERROR;
				CLANG_WARN_SUSPICIOUS_MOVE = YES;
				CLANG_WARN_UNREACHABLE_CODE = YES;
				CLANG_WARN__DUPLICATE_METHOD_MATCH = YES;
				"CODE_SIGN_IDENTITY[sdk=iphoneos*]" = "iPhone Developer";
				COPY_PHASE_STRIP = NO;
				DEBUG_INFORMATION_FORMAT = "dwarf-with-dsym";
				ENABLE_NS_ASSERTIONS = NO;
				ENABLE_STRICT_OBJC_MSGSEND = YES;
				GCC_C_LANGUAGE_STANDARD = gnu99;
				GCC_NO_COMMON_BLOCKS = YES;
				GCC_WARN_64_TO_32_BIT_CONVERSION = YES;
				GCC_WARN_ABOUT_RETURN_TYPE = YES_ERROR;
				GCC_WARN_UNDECLARED_SELECTOR = YES;
				GCC_WARN_UNINITIALIZED_AUTOS = YES_AGGRESSIVE;
				GCC_WARN_UNUSED_FUNCTION = YES;
				GCC_WARN_UNUSED_VARIABLE = YES;
				IPHONEOS_DEPLOYMENT_TARGET = 10.2;
				MTL_ENABLE_DEBUG_INFO = NO;
				SDKROOT = iphoneos;
				SWIFT_OPTIMIZATION_LEVEL = "-Owholemodule";
				VALIDATE_PRODUCT = YES;
			};
			name = Release;
		};
		7AFB635F1E555B0200278F58 /* Debug */ = {
			isa = XCBuildConfiguration;
			baseConfigurationReference = A0BDF2855FB00015EC47368E /* Pods-takken_ios.debug.xcconfig */;
			buildSettings = {
				ASSETCATALOG_COMPILER_APPICON_NAME = AppIcon;
				INFOPLIST_FILE = takken_ios/Info.plist;
				LD_RUNPATH_SEARCH_PATHS = "$(inherited) @executable_path/Frameworks";
				PRODUCT_BUNDLE_IDENTIFIER = "com.example.takken-ios";
				PRODUCT_NAME = "$(TARGET_NAME)";
				SWIFT_VERSION = 3.0;
			};
			name = Debug;
		};
		7AFB63601E555B0200278F58 /* Release */ = {
			isa = XCBuildConfiguration;
			baseConfigurationReference = 7CA7774C9FE9EE87C5A14DF9 /* Pods-takken_ios.release.xcconfig */;
			buildSettings = {
				ASSETCATALOG_COMPILER_APPICON_NAME = AppIcon;
				INFOPLIST_FILE = takken_ios/Info.plist;
				LD_RUNPATH_SEARCH_PATHS = "$(inherited) @executable_path/Frameworks";
				PRODUCT_BUNDLE_IDENTIFIER = "com.example.takken-ios";
				PRODUCT_NAME = "$(TARGET_NAME)";
				SWIFT_VERSION = 3.0;
			};
			name = Release;
		};
		7AFB63621E555B0200278F58 /* Debug */ = {
			isa = XCBuildConfiguration;
			buildSettings = {
				ALWAYS_EMBED_SWIFT_STANDARD_LIBRARIES = YES;
				BUNDLE_LOADER = "$(TEST_HOST)";
				INFOPLIST_FILE = takken_iosTests/Info.plist;
				LD_RUNPATH_SEARCH_PATHS = "$(inherited) @executable_path/Frameworks @loader_path/Frameworks";
				PRODUCT_BUNDLE_IDENTIFIER = "com.example.takken-iosTests";
				PRODUCT_NAME = "$(TARGET_NAME)";
				SWIFT_VERSION = 3.0;
				TEST_HOST = "$(BUILT_PRODUCTS_DIR)/takken_ios.app/takken_ios";
			};
			name = Debug;
		};
		7AFB63631E555B0200278F58 /* Release */ = {
			isa = XCBuildConfiguration;
			buildSettings = {
				ALWAYS_EMBED_SWIFT_STANDARD_LIBRARIES = YES;
				BUNDLE_LOADER = "$(TEST_HOST)";
				INFOPLIST_FILE = takken_iosTests/Info.plist;
				LD_RUNPATH_SEARCH_PATHS = "$(inherited) @executable_path/Frameworks @loader_path/Frameworks";
				PRODUCT_BUNDLE_IDENTIFIER = "com.example.takken-iosTests";
				PRODUCT_NAME = "$(TARGET_NAME)";
				SWIFT_VERSION = 3.0;
				TEST_HOST = "$(BUILT_PRODUCTS_DIR)/takken_ios.app/takken_ios";
			};
			name = Release;
		};
		7AFB63651E555B0200278F58 /* Debug */ = {
			isa = XCBuildConfiguration;
			buildSettings = {
				ALWAYS_EMBED_SWIFT_STANDARD_LIBRARIES = YES;
				INFOPLIST_FILE = takken_iosUITests/Info.plist;
				LD_RUNPATH_SEARCH_PATHS = "$(inherited) @executable_path/Frameworks @loader_path/Frameworks";
				PRODUCT_BUNDLE_IDENTIFIER = "com.example.takken-iosUITests";
				PRODUCT_NAME = "$(TARGET_NAME)";
				SWIFT_VERSION = 3.0;
				TEST_TARGET_NAME = takken_ios;
			};
			name = Debug;
		};
		7AFB63661E555B0200278F58 /* Release */ = {
			isa = XCBuildConfiguration;
			buildSettings = {
				ALWAYS_EMBED_SWIFT_STANDARD_LIBRARIES = YES;
				INFOPLIST_FILE = takken_iosUITests/Info.plist;
				LD_RUNPATH_SEARCH_PATHS = "$(inherited) @executable_path/Frameworks @loader_path/Frameworks";
				PRODUCT_BUNDLE_IDENTIFIER = "com.example.takken-iosUITests";
				PRODUCT_NAME = "$(TARGET_NAME)";
				SWIFT_VERSION = 3.0;
				TEST_TARGET_NAME = takken_ios;
			};
			name = Release;
		};
/* End XCBuildConfiguration section */

/* Begin XCConfigurationList section */
		7AFB63311E555B0100278F58 /* Build configuration list for PBXProject "takken_ios" */ = {
			isa = XCConfigurationList;
			buildConfigurations = (
				7AFB635C1E555B0200278F58 /* Debug */,
				7AFB635D1E555B0200278F58 /* Release */,
			);
			defaultConfigurationIsVisible = 0;
			defaultConfigurationName = Release;
		};
		7AFB635E1E555B0200278F58 /* Build configuration list for PBXNativeTarget "takken_ios" */ = {
			isa = XCConfigurationList;
			buildConfigurations = (
				7AFB635F1E555B0200278F58 /* Debug */,
				7AFB63601E555B0200278F58 /* Release */,
			);
			defaultConfigurationIsVisible = 0;
		};
		7AFB63611E555B0200278F58 /* Build configuration list for PBXNativeTarget "takken_iosTests" */ = {
			isa = XCConfigurationList;
			buildConfigurations = (
				7AFB63621E555B0200278F58 /* Debug */,
				7AFB63631E555B0200278F58 /* Release */,
			);
			defaultConfigurationIsVisible = 0;
		};
		7AFB63641E555B0200278F58 /* Build configuration list for PBXNativeTarget "takken_iosUITests" */ = {
			isa = XCConfigurationList;
			buildConfigurations = (
				7AFB63651E555B0200278F58 /* Debug */,
				7AFB63661E555B0200278F58 /* Release */,
			);
			defaultConfigurationIsVisible = 0;
		};
/* End XCConfigurationList section */
	};
	rootObject = 7AFB632E1E555B0100278F58 /* Project object */;
}
